
Microsoft Visual Studio Solution File, Format Version 12.00
# Visual Studio 14
VisualStudioVersion = 14.0.25123.0
MinimumVisualStudioVersion = 10.0.40219.1
Project("{FAE04EC0-301F-11D3-BF4B-00C04F79EFBC}") = "vediamoIlRepos.Droid", "vediamoIlRepos\vediamoIlRepos.Droid\vediamoIlRepos.Droid.csproj", "{22FFC4AE-0204-431C-BD86-A819D18F2AB4}"
EndProject
Project("{FAE04EC0-301F-11D3-BF4B-00C04F79EFBC}") = "vediamoIlRepos.iOS", "vediamoIlRepos\vediamoIlRepos.iOS\vediamoIlRepos.iOS.csproj", "{6B9A44BC-8276-48F3-B8D7-156E06AE70C9}"
EndProject
Project("{FAE04EC0-301F-11D3-BF4B-00C04F79EFBC}") = "vediamoIlRepos.WinPhone", "vediamoIlRepos\vediamoIlRepos.WinPhone\vediamoIlRepos.WinPhone.csproj", "{C36D6B5D-8FBF-400D-A76E-633BFBB131A8}"
EndProject
Project("{FAE04EC0-301F-11D3-BF4B-00C04F79EFBC}") = "vediamoIlRepos.UWP", "vediamoIlRepos\vediamoIlRepos.UWP\vediamoIlRepos.UWP.csproj", "{C2AC63D1-B515-4731-87C5-57F656F0FC67}"
EndProject
Project("{FAE04EC0-301F-11D3-BF4B-00C04F79EFBC}") = "vediamoIlRepos.Windows", "vediamoIlRepos\vediamoIlRepos.Windows\vediamoIlRepos.Windows.csproj", "{300EC34B-F993-4DE5-8F9F-94810487C8AB}"
EndProject
Project("{FAE04EC0-301F-11D3-BF4B-00C04F79EFBC}") = "vediamoIlRepos", "vediamoIlRepos\vediamoIlRepos\vediamoIlRepos.csproj", "{3DCB8E10-A4C1-47AE-8C2A-CB0F8623CA52}"
EndProject
Global
	GlobalSection(SolutionConfigurationPlatforms) = preSolution
		Ad-Hoc|Any CPU = Ad-Hoc|Any CPU
		Ad-Hoc|ARM = Ad-Hoc|ARM
		Ad-Hoc|iPhone = Ad-Hoc|iPhone
		Ad-Hoc|iPhoneSimulator = Ad-Hoc|iPhoneSimulator
		Ad-Hoc|x64 = Ad-Hoc|x64
		Ad-Hoc|x86 = Ad-Hoc|x86
		AppStore|Any CPU = AppStore|Any CPU
		AppStore|ARM = AppStore|ARM
		AppStore|iPhone = AppStore|iPhone
		AppStore|iPhoneSimulator = AppStore|iPhoneSimulator
		AppStore|x64 = AppStore|x64
		AppStore|x86 = AppStore|x86
		Debug|Any CPU = Debug|Any CPU
		Debug|ARM = Debug|ARM
		Debug|iPhone = Debug|iPhone
		Debug|iPhoneSimulator = Debug|iPhoneSimulator
		Debug|x64 = Debug|x64
		Debug|x86 = Debug|x86
		Release|Any CPU = Release|Any CPU
		Release|ARM = Release|ARM
		Release|iPhone = Release|iPhone
		Release|iPhoneSimulator = Release|iPhoneSimulator
		Release|x64 = Release|x64
		Release|x86 = Release|x86
	EndGlobalSection
	GlobalSection(ProjectConfigurationPlatforms) = postSolution
		{22FFC4AE-0204-431C-BD86-A819D18F2AB4}.Ad-Hoc|Any CPU.ActiveCfg = Release|Any CPU
		{22FFC4AE-0204-431C-BD86-A819D18F2AB4}.Ad-Hoc|Any CPU.Build.0 = Release|Any CPU
		{22FFC4AE-0204-431C-BD86-A819D18F2AB4}.Ad-Hoc|Any CPU.Deploy.0 = Release|Any CPU
		{22FFC4AE-0204-431C-BD86-A819D18F2AB4}.Ad-Hoc|ARM.ActiveCfg = Release|Any CPU
		{22FFC4AE-0204-431C-BD86-A819D18F2AB4}.Ad-Hoc|ARM.Build.0 = Release|Any CPU
		{22FFC4AE-0204-431C-BD86-A819D18F2AB4}.Ad-Hoc|ARM.Deploy.0 = Release|Any CPU
		{22FFC4AE-0204-431C-BD86-A819D18F2AB4}.Ad-Hoc|iPhone.ActiveCfg = Release|Any CPU
		{22FFC4AE-0204-431C-BD86-A819D18F2AB4}.Ad-Hoc|iPhone.Build.0 = Release|Any CPU
		{22FFC4AE-0204-431C-BD86-A819D18F2AB4}.Ad-Hoc|iPhone.Deploy.0 = Release|Any CPU
		{22FFC4AE-0204-431C-BD86-A819D18F2AB4}.Ad-Hoc|iPhoneSimulator.ActiveCfg = Release|Any CPU
		{22FFC4AE-0204-431C-BD86-A819D18F2AB4}.Ad-Hoc|iPhoneSimulator.Build.0 = Release|Any CPU
		{22FFC4AE-0204-431C-BD86-A819D18F2AB4}.Ad-Hoc|iPhoneSimulator.Deploy.0 = Release|Any CPU
		{22FFC4AE-0204-431C-BD86-A819D18F2AB4}.Ad-Hoc|x64.ActiveCfg = Release|Any CPU
		{22FFC4AE-0204-431C-BD86-A819D18F2AB4}.Ad-Hoc|x64.Build.0 = Release|Any CPU
		{22FFC4AE-0204-431C-BD86-A819D18F2AB4}.Ad-Hoc|x64.Deploy.0 = Release|Any CPU
		{22FFC4AE-0204-431C-BD86-A819D18F2AB4}.Ad-Hoc|x86.ActiveCfg = Release|Any CPU
		{22FFC4AE-0204-431C-BD86-A819D18F2AB4}.Ad-Hoc|x86.Build.0 = Release|Any CPU
		{22FFC4AE-0204-431C-BD86-A819D18F2AB4}.Ad-Hoc|x86.Deploy.0 = Release|Any CPU
		{22FFC4AE-0204-431C-BD86-A819D18F2AB4}.AppStore|Any CPU.ActiveCfg = Release|Any CPU
		{22FFC4AE-0204-431C-BD86-A819D18F2AB4}.AppStore|Any CPU.Build.0 = Release|Any CPU
		{22FFC4AE-0204-431C-BD86-A819D18F2AB4}.AppStore|Any CPU.Deploy.0 = Release|Any CPU
		{22FFC4AE-0204-431C-BD86-A819D18F2AB4}.AppStore|ARM.ActiveCfg = Release|Any CPU
		{22FFC4AE-0204-431C-BD86-A819D18F2AB4}.AppStore|ARM.Build.0 = Release|Any CPU
		{22FFC4AE-0204-431C-BD86-A819D18F2AB4}.AppStore|ARM.Deploy.0 = Release|Any CPU
		{22FFC4AE-0204-431C-BD86-A819D18F2AB4}.AppStore|iPhone.ActiveCfg = Release|Any CPU
		{22FFC4AE-0204-431C-BD86-A819D18F2AB4}.AppStore|iPhone.Build.0 = Release|Any CPU
		{22FFC4AE-0204-431C-BD86-A819D18F2AB4}.AppStore|iPhone.Deploy.0 = Release|Any CPU
		{22FFC4AE-0204-431C-BD86-A819D18F2AB4}.AppStore|iPhoneSimulator.ActiveCfg = Release|Any CPU
		{22FFC4AE-0204-431C-BD86-A819D18F2AB4}.AppStore|iPhoneSimulator.Build.0 = Release|Any CPU
		{22FFC4AE-0204-431C-BD86-A819D18F2AB4}.AppStore|iPhoneSimulator.Deploy.0 = Release|Any CPU
		{22FFC4AE-0204-431C-BD86-A819D18F2AB4}.AppStore|x64.ActiveCfg = Release|Any CPU
		{22FFC4AE-0204-431C-BD86-A819D18F2AB4}.AppStore|x64.Build.0 = Release|Any CPU
		{22FFC4AE-0204-431C-BD86-A819D18F2AB4}.AppStore|x64.Deploy.0 = Release|Any CPU
		{22FFC4AE-0204-431C-BD86-A819D18F2AB4}.AppStore|x86.ActiveCfg = Release|Any CPU
		{22FFC4AE-0204-431C-BD86-A819D18F2AB4}.AppStore|x86.Build.0 = Release|Any CPU
		{22FFC4AE-0204-431C-BD86-A819D18F2AB4}.AppStore|x86.Deploy.0 = Release|Any CPU
		{22FFC4AE-0204-431C-BD86-A819D18F2AB4}.Debug|Any CPU.ActiveCfg = Debug|Any CPU
		{22FFC4AE-0204-431C-BD86-A819D18F2AB4}.Debug|Any CPU.Build.0 = Debug|Any CPU
		{22FFC4AE-0204-431C-BD86-A819D18F2AB4}.Debug|Any CPU.Deploy.0 = Debug|Any CPU
		{22FFC4AE-0204-431C-BD86-A819D18F2AB4}.Debug|ARM.ActiveCfg = Debug|Any CPU
		{22FFC4AE-0204-431C-BD86-A819D18F2AB4}.Debug|ARM.Build.0 = Debug|Any CPU
		{22FFC4AE-0204-431C-BD86-A819D18F2AB4}.Debug|ARM.Deploy.0 = Debug|Any CPU
		{22FFC4AE-0204-431C-BD86-A819D18F2AB4}.Debug|iPhone.ActiveCfg = Debug|Any CPU
		{22FFC4AE-0204-431C-BD86-A819D18F2AB4}.Debug|iPhone.Build.0 = Debug|Any CPU
		{22FFC4AE-0204-431C-BD86-A819D18F2AB4}.Debug|iPhone.Deploy.0 = Debug|Any CPU
		{22FFC4AE-0204-431C-BD86-A819D18F2AB4}.Debug|iPhoneSimulator.ActiveCfg = Debug|Any CPU
		{22FFC4AE-0204-431C-BD86-A819D18F2AB4}.Debug|iPhoneSimulator.Build.0 = Debug|Any CPU
		{22FFC4AE-0204-431C-BD86-A819D18F2AB4}.Debug|iPhoneSimulator.Deploy.0 = Debug|Any CPU
		{22FFC4AE-0204-431C-BD86-A819D18F2AB4}.Debug|x64.ActiveCfg = Debug|Any CPU
		{22FFC4AE-0204-431C-BD86-A819D18F2AB4}.Debug|x64.Build.0 = Debug|Any CPU
		{22FFC4AE-0204-431C-BD86-A819D18F2AB4}.Debug|x64.Deploy.0 = Debug|Any CPU
		{22FFC4AE-0204-431C-BD86-A819D18F2AB4}.Debug|x86.ActiveCfg = Debug|Any CPU
		{22FFC4AE-0204-431C-BD86-A819D18F2AB4}.Debug|x86.Build.0 = Debug|Any CPU
		{22FFC4AE-0204-431C-BD86-A819D18F2AB4}.Debug|x86.Deploy.0 = Debug|Any CPU
		{22FFC4AE-0204-431C-BD86-A819D18F2AB4}.Release|Any CPU.ActiveCfg = Release|Any CPU
		{22FFC4AE-0204-431C-BD86-A819D18F2AB4}.Release|Any CPU.Build.0 = Release|Any CPU
		{22FFC4AE-0204-431C-BD86-A819D18F2AB4}.Release|Any CPU.Deploy.0 = Release|Any CPU
		{22FFC4AE-0204-431C-BD86-A819D18F2AB4}.Release|ARM.ActiveCfg = Release|Any CPU
		{22FFC4AE-0204-431C-BD86-A819D18F2AB4}.Release|ARM.Build.0 = Release|Any CPU
		{22FFC4AE-0204-431C-BD86-A819D18F2AB4}.Release|ARM.Deploy.0 = Release|Any CPU
		{22FFC4AE-0204-431C-BD86-A819D18F2AB4}.Release|iPhone.ActiveCfg = Release|Any CPU
		{22FFC4AE-0204-431C-BD86-A819D18F2AB4}.Release|iPhone.Build.0 = Release|Any CPU
		{22FFC4AE-0204-431C-BD86-A819D18F2AB4}.Release|iPhone.Deploy.0 = Release|Any CPU
		{22FFC4AE-0204-431C-BD86-A819D18F2AB4}.Release|iPhoneSimulator.ActiveCfg = Release|Any CPU
		{22FFC4AE-0204-431C-BD86-A819D18F2AB4}.Release|iPhoneSimulator.Build.0 = Release|Any CPU
		{22FFC4AE-0204-431C-BD86-A819D18F2AB4}.Release|iPhoneSimulator.Deploy.0 = Release|Any CPU
		{22FFC4AE-0204-431C-BD86-A819D18F2AB4}.Release|x64.ActiveCfg = Release|Any CPU
		{22FFC4AE-0204-431C-BD86-A819D18F2AB4}.Release|x64.Build.0 = Release|Any CPU
		{22FFC4AE-0204-431C-BD86-A819D18F2AB4}.Release|x64.Deploy.0 = Release|Any CPU
		{22FFC4AE-0204-431C-BD86-A819D18F2AB4}.Release|x86.ActiveCfg = Release|Any CPU
		{22FFC4AE-0204-431C-BD86-A819D18F2AB4}.Release|x86.Build.0 = Release|Any CPU
		{22FFC4AE-0204-431C-BD86-A819D18F2AB4}.Release|x86.Deploy.0 = Release|Any CPU
		{6B9A44BC-8276-48F3-B8D7-156E06AE70C9}.Ad-Hoc|Any CPU.ActiveCfg = Ad-Hoc|iPhone
		{6B9A44BC-8276-48F3-B8D7-156E06AE70C9}.Ad-Hoc|ARM.ActiveCfg = Ad-Hoc|iPhone
		{6B9A44BC-8276-48F3-B8D7-156E06AE70C9}.Ad-Hoc|iPhone.ActiveCfg = Ad-Hoc|iPhone
		{6B9A44BC-8276-48F3-B8D7-156E06AE70C9}.Ad-Hoc|iPhone.Build.0 = Ad-Hoc|iPhone
		{6B9A44BC-8276-48F3-B8D7-156E06AE70C9}.Ad-Hoc|iPhoneSimulator.ActiveCfg = Ad-Hoc|iPhoneSimulator
		{6B9A44BC-8276-48F3-B8D7-156E06AE70C9}.Ad-Hoc|iPhoneSimulator.Build.0 = Ad-Hoc|iPhoneSimulator
		{6B9A44BC-8276-48F3-B8D7-156E06AE70C9}.Ad-Hoc|x64.ActiveCfg = Ad-Hoc|iPhone
		{6B9A44BC-8276-48F3-B8D7-156E06AE70C9}.Ad-Hoc|x86.ActiveCfg = Ad-Hoc|iPhone
		{6B9A44BC-8276-48F3-B8D7-156E06AE70C9}.AppStore|Any CPU.ActiveCfg = AppStore|iPhone
		{6B9A44BC-8276-48F3-B8D7-156E06AE70C9}.AppStore|ARM.ActiveCfg = AppStore|iPhone
		{6B9A44BC-8276-48F3-B8D7-156E06AE70C9}.AppStore|iPhone.ActiveCfg = AppStore|iPhone
		{6B9A44BC-8276-48F3-B8D7-156E06AE70C9}.AppStore|iPhone.Build.0 = AppStore|iPhone
		{6B9A44BC-8276-48F3-B8D7-156E06AE70C9}.AppStore|iPhoneSimulator.ActiveCfg = AppStore|iPhoneSimulator
		{6B9A44BC-8276-48F3-B8D7-156E06AE70C9}.AppStore|iPhoneSimulator.Build.0 = AppStore|iPhoneSimulator
		{6B9A44BC-8276-48F3-B8D7-156E06AE70C9}.AppStore|x64.ActiveCfg = AppStore|iPhone
		{6B9A44BC-8276-48F3-B8D7-156E06AE70C9}.AppStore|x86.ActiveCfg = AppStore|iPhone
		{6B9A44BC-8276-48F3-B8D7-156E06AE70C9}.Debug|Any CPU.ActiveCfg = Debug|iPhone
		{6B9A44BC-8276-48F3-B8D7-156E06AE70C9}.Debug|ARM.ActiveCfg = Debug|iPhone
		{6B9A44BC-8276-48F3-B8D7-156E06AE70C9}.Debug|iPhone.ActiveCfg = Debug|iPhone
		{6B9A44BC-8276-48F3-B8D7-156E06AE70C9}.Debug|iPhone.Build.0 = Debug|iPhone
		{6B9A44BC-8276-48F3-B8D7-156E06AE70C9}.Debug|iPhoneSimulator.ActiveCfg = Debug|iPhoneSimulator
		{6B9A44BC-8276-48F3-B8D7-156E06AE70C9}.Debug|iPhoneSimulator.Build.0 = Debug|iPhoneSimulator
		{6B9A44BC-8276-48F3-B8D7-156E06AE70C9}.Debug|x64.ActiveCfg = Debug|iPhone
		{6B9A44BC-8276-48F3-B8D7-156E06AE70C9}.Debug|x86.ActiveCfg = Debug|iPhone
		{6B9A44BC-8276-48F3-B8D7-156E06AE70C9}.Release|Any CPU.ActiveCfg = Release|iPhone
		{6B9A44BC-8276-48F3-B8D7-156E06AE70C9}.Release|ARM.ActiveCfg = Release|iPhone
		{6B9A44BC-8276-48F3-B8D7-156E06AE70C9}.Release|iPhone.ActiveCfg = Release|iPhone
		{6B9A44BC-8276-48F3-B8D7-156E06AE70C9}.Release|iPhone.Build.0 = Release|iPhone
		{6B9A44BC-8276-48F3-B8D7-156E06AE70C9}.Release|iPhoneSimulator.ActiveCfg = Release|iPhoneSimulator
		{6B9A44BC-8276-48F3-B8D7-156E06AE70C9}.Release|iPhoneSimulator.Build.0 = Release|iPhoneSimulator
		{6B9A44BC-8276-48F3-B8D7-156E06AE70C9}.Release|x64.ActiveCfg = Release|iPhone
		{6B9A44BC-8276-48F3-B8D7-156E06AE70C9}.Release|x86.ActiveCfg = Release|iPhone
		{C36D6B5D-8FBF-400D-A76E-633BFBB131A8}.Ad-Hoc|Any CPU.ActiveCfg = Release|Any CPU
		{C36D6B5D-8FBF-400D-A76E-633BFBB131A8}.Ad-Hoc|Any CPU.Build.0 = Release|Any CPU
		{C36D6B5D-8FBF-400D-A76E-633BFBB131A8}.Ad-Hoc|Any CPU.Deploy.0 = Release|Any CPU
		{C36D6B5D-8FBF-400D-A76E-633BFBB131A8}.Ad-Hoc|ARM.ActiveCfg = Release|ARM
		{C36D6B5D-8FBF-400D-A76E-633BFBB131A8}.Ad-Hoc|ARM.Build.0 = Release|ARM
		{C36D6B5D-8FBF-400D-A76E-633BFBB131A8}.Ad-Hoc|ARM.Deploy.0 = Release|ARM
		{C36D6B5D-8FBF-400D-A76E-633BFBB131A8}.Ad-Hoc|iPhone.ActiveCfg = Release|Any CPU
		{C36D6B5D-8FBF-400D-A76E-633BFBB131A8}.Ad-Hoc|iPhone.Build.0 = Release|Any CPU
		{C36D6B5D-8FBF-400D-A76E-633BFBB131A8}.Ad-Hoc|iPhone.Deploy.0 = Release|Any CPU
		{C36D6B5D-8FBF-400D-A76E-633BFBB131A8}.Ad-Hoc|iPhoneSimulator.ActiveCfg = Release|Any CPU
		{C36D6B5D-8FBF-400D-A76E-633BFBB131A8}.Ad-Hoc|iPhoneSimulator.Build.0 = Release|Any CPU
		{C36D6B5D-8FBF-400D-A76E-633BFBB131A8}.Ad-Hoc|iPhoneSimulator.Deploy.0 = Release|Any CPU
		{C36D6B5D-8FBF-400D-A76E-633BFBB131A8}.Ad-Hoc|x64.ActiveCfg = Release|Any CPU
		{C36D6B5D-8FBF-400D-A76E-633BFBB131A8}.Ad-Hoc|x64.Build.0 = Release|Any CPU
		{C36D6B5D-8FBF-400D-A76E-633BFBB131A8}.Ad-Hoc|x64.Deploy.0 = Release|Any CPU
		{C36D6B5D-8FBF-400D-A76E-633BFBB131A8}.Ad-Hoc|x86.ActiveCfg = Release|x86
		{C36D6B5D-8FBF-400D-A76E-633BFBB131A8}.Ad-Hoc|x86.Build.0 = Release|x86
		{C36D6B5D-8FBF-400D-A76E-633BFBB131A8}.Ad-Hoc|x86.Deploy.0 = Release|x86
		{C36D6B5D-8FBF-400D-A76E-633BFBB131A8}.AppStore|Any CPU.ActiveCfg = Release|Any CPU
		{C36D6B5D-8FBF-400D-A76E-633BFBB131A8}.AppStore|Any CPU.Build.0 = Release|Any CPU
		{C36D6B5D-8FBF-400D-A76E-633BFBB131A8}.AppStore|Any CPU.Deploy.0 = Release|Any CPU
		{C36D6B5D-8FBF-400D-A76E-633BFBB131A8}.AppStore|ARM.ActiveCfg = Release|ARM
		{C36D6B5D-8FBF-400D-A76E-633BFBB131A8}.AppStore|ARM.Build.0 = Release|ARM
		{C36D6B5D-8FBF-400D-A76E-633BFBB131A8}.AppStore|ARM.Deploy.0 = Release|ARM
		{C36D6B5D-8FBF-400D-A76E-633BFBB131A8}.AppStore|iPhone.ActiveCfg = Release|Any CPU
		{C36D6B5D-8FBF-400D-A76E-633BFBB131A8}.AppStore|iPhone.Build.0 = Release|Any CPU
		{C36D6B5D-8FBF-400D-A76E-633BFBB131A8}.AppStore|iPhone.Deploy.0 = Release|Any CPU
		{C36D6B5D-8FBF-400D-A76E-633BFBB131A8}.AppStore|iPhoneSimulator.ActiveCfg = Release|Any CPU
		{C36D6B5D-8FBF-400D-A76E-633BFBB131A8}.AppStore|iPhoneSimulator.Build.0 = Release|Any CPU
		{C36D6B5D-8FBF-400D-A76E-633BFBB131A8}.AppStore|iPhoneSimulator.Deploy.0 = Release|Any CPU
		{C36D6B5D-8FBF-400D-A76E-633BFBB131A8}.AppStore|x64.ActiveCfg = Release|Any CPU
		{C36D6B5D-8FBF-400D-A76E-633BFBB131A8}.AppStore|x64.Build.0 = Release|Any CPU
		{C36D6B5D-8FBF-400D-A76E-633BFBB131A8}.AppStore|x64.Deploy.0 = Release|Any CPU
		{C36D6B5D-8FBF-400D-A76E-633BFBB131A8}.AppStore|x86.ActiveCfg = Release|x86
		{C36D6B5D-8FBF-400D-A76E-633BFBB131A8}.AppStore|x86.Build.0 = Release|x86
		{C36D6B5D-8FBF-400D-A76E-633BFBB131A8}.AppStore|x86.Deploy.0 = Release|x86
		{C36D6B5D-8FBF-400D-A76E-633BFBB131A8}.Debug|Any CPU.ActiveCfg = Debug|Any CPU
		{C36D6B5D-8FBF-400D-A76E-633BFBB131A8}.Debug|Any CPU.Build.0 = Debug|Any CPU
		{C36D6B5D-8FBF-400D-A76E-633BFBB131A8}.Debug|Any CPU.Deploy.0 = Debug|Any CPU
		{C36D6B5D-8FBF-400D-A76E-633BFBB131A8}.Debug|ARM.ActiveCfg = Debug|ARM
		{C36D6B5D-8FBF-400D-A76E-633BFBB131A8}.Debug|ARM.Build.0 = Debug|ARM
		{C36D6B5D-8FBF-400D-A76E-633BFBB131A8}.Debug|ARM.Deploy.0 = Debug|ARM
		{C36D6B5D-8FBF-400D-A76E-633BFBB131A8}.Debug|iPhone.ActiveCfg = Debug|Any CPU
		{C36D6B5D-8FBF-400D-A76E-633BFBB131A8}.Debug|iPhone.Build.0 = Debug|Any CPU
		{C36D6B5D-8FBF-400D-A76E-633BFBB131A8}.Debug|iPhone.Deploy.0 = Debug|Any CPU
		{C36D6B5D-8FBF-400D-A76E-633BFBB131A8}.Debug|iPhoneSimulator.ActiveCfg = Debug|Any CPU
		{C36D6B5D-8FBF-400D-A76E-633BFBB131A8}.Debug|iPhoneSimulator.Build.0 = Debug|Any CPU
		{C36D6B5D-8FBF-400D-A76E-633BFBB131A8}.Debug|iPhoneSimulator.Deploy.0 = Debug|Any CPU
		{C36D6B5D-8FBF-400D-A76E-633BFBB131A8}.Debug|x64.ActiveCfg = Debug|Any CPU
		{C36D6B5D-8FBF-400D-A76E-633BFBB131A8}.Debug|x64.Build.0 = Debug|Any CPU
		{C36D6B5D-8FBF-400D-A76E-633BFBB131A8}.Debug|x64.Deploy.0 = Debug|Any CPU
		{C36D6B5D-8FBF-400D-A76E-633BFBB131A8}.Debug|x86.ActiveCfg = Debug|x86
		{C36D6B5D-8FBF-400D-A76E-633BFBB131A8}.Debug|x86.Build.0 = Debug|x86
		{C36D6B5D-8FBF-400D-A76E-633BFBB131A8}.Debug|x86.Deploy.0 = Debug|x86
		{C36D6B5D-8FBF-400D-A76E-633BFBB131A8}.Release|Any CPU.ActiveCfg = Release|Any CPU
		{C36D6B5D-8FBF-400D-A76E-633BFBB131A8}.Release|Any CPU.Build.0 = Release|Any CPU
		{C36D6B5D-8FBF-400D-A76E-633BFBB131A8}.Release|Any CPU.Deploy.0 = Release|Any CPU
		{C36D6B5D-8FBF-400D-A76E-633BFBB131A8}.Release|ARM.ActiveCfg = Release|ARM
		{C36D6B5D-8FBF-400D-A76E-633BFBB131A8}.Release|ARM.Build.0 = Release|ARM
		{C36D6B5D-8FBF-400D-A76E-633BFBB131A8}.Release|ARM.Deploy.0 = Release|ARM
		{C36D6B5D-8FBF-400D-A76E-633BFBB131A8}.Release|iPhone.ActiveCfg = Release|Any CPU
		{C36D6B5D-8FBF-400D-A76E-633BFBB131A8}.Release|iPhone.Build.0 = Release|Any CPU
		{C36D6B5D-8FBF-400D-A76E-633BFBB131A8}.Release|iPhone.Deploy.0 = Release|Any CPU
		{C36D6B5D-8FBF-400D-A76E-633BFBB131A8}.Release|iPhoneSimulator.ActiveCfg = Release|Any CPU
		{C36D6B5D-8FBF-400D-A76E-633BFBB131A8}.Release|iPhoneSimulator.Build.0 = Release|Any CPU
		{C36D6B5D-8FBF-400D-A76E-633BFBB131A8}.Release|iPhoneSimulator.Deploy.0 = Release|Any CPU
		{C36D6B5D-8FBF-400D-A76E-633BFBB131A8}.Release|x64.ActiveCfg = Release|Any CPU
		{C36D6B5D-8FBF-400D-A76E-633BFBB131A8}.Release|x64.Build.0 = Release|Any CPU
		{C36D6B5D-8FBF-400D-A76E-633BFBB131A8}.Release|x64.Deploy.0 = Release|Any CPU
		{C36D6B5D-8FBF-400D-A76E-633BFBB131A8}.Release|x86.ActiveCfg = Release|x86
		{C36D6B5D-8FBF-400D-A76E-633BFBB131A8}.Release|x86.Build.0 = Release|x86
		{C36D6B5D-8FBF-400D-A76E-633BFBB131A8}.Release|x86.Deploy.0 = Release|x86
		{C2AC63D1-B515-4731-87C5-57F656F0FC67}.Ad-Hoc|Any CPU.ActiveCfg = Release|x86
		{C2AC63D1-B515-4731-87C5-57F656F0FC67}.Ad-Hoc|Any CPU.Build.0 = Release|x86
		{C2AC63D1-B515-4731-87C5-57F656F0FC67}.Ad-Hoc|Any CPU.Deploy.0 = Release|x86
		{C2AC63D1-B515-4731-87C5-57F656F0FC67}.Ad-Hoc|ARM.ActiveCfg = Release|ARM
		{C2AC63D1-B515-4731-87C5-57F656F0FC67}.Ad-Hoc|ARM.Build.0 = Release|ARM
		{C2AC63D1-B515-4731-87C5-57F656F0FC67}.Ad-Hoc|ARM.Deploy.0 = Release|ARM
		{C2AC63D1-B515-4731-87C5-57F656F0FC67}.Ad-Hoc|iPhone.ActiveCfg = Release|x86
		{C2AC63D1-B515-4731-87C5-57F656F0FC67}.Ad-Hoc|iPhone.Build.0 = Release|x86
		{C2AC63D1-B515-4731-87C5-57F656F0FC67}.Ad-Hoc|iPhone.Deploy.0 = Release|x86
		{C2AC63D1-B515-4731-87C5-57F656F0FC67}.Ad-Hoc|iPhoneSimulator.ActiveCfg = Release|x86
		{C2AC63D1-B515-4731-87C5-57F656F0FC67}.Ad-Hoc|iPhoneSimulator.Build.0 = Release|x86
		{C2AC63D1-B515-4731-87C5-57F656F0FC67}.Ad-Hoc|iPhoneSimulator.Deploy.0 = Release|x86
		{C2AC63D1-B515-4731-87C5-57F656F0FC67}.Ad-Hoc|x64.ActiveCfg = Release|x64
		{C2AC63D1-B515-4731-87C5-57F656F0FC67}.Ad-Hoc|x64.Build.0 = Release|x64
		{C2AC63D1-B515-4731-87C5-57F656F0FC67}.Ad-Hoc|x64.Deploy.0 = Release|x64
		{C2AC63D1-B515-4731-87C5-57F656F0FC67}.Ad-Hoc|x86.ActiveCfg = Release|x86
		{C2AC63D1-B515-4731-87C5-57F656F0FC67}.Ad-Hoc|x86.Build.0 = Release|x86
		{C2AC63D1-B515-4731-87C5-57F656F0FC67}.Ad-Hoc|x86.Deploy.0 = Release|x86
		{C2AC63D1-B515-4731-87C5-57F656F0FC67}.AppStore|Any CPU.ActiveCfg = Release|x86
		{C2AC63D1-B515-4731-87C5-57F656F0FC67}.AppStore|Any CPU.Build.0 = Release|x86
		{C2AC63D1-B515-4731-87C5-57F656F0FC67}.AppStore|Any CPU.Deploy.0 = Release|x86
		{C2AC63D1-B515-4731-87C5-57F656F0FC67}.AppStore|ARM.ActiveCfg = Release|ARM
		{C2AC63D1-B515-4731-87C5-57F656F0FC67}.AppStore|ARM.Build.0 = Release|ARM
		{C2AC63D1-B515-4731-87C5-57F656F0FC67}.AppStore|ARM.Deploy.0 = Release|ARM
		{C2AC63D1-B515-4731-87C5-57F656F0FC67}.AppStore|iPhone.ActiveCfg = Release|x86
		{C2AC63D1-B515-4731-87C5-57F656F0FC67}.AppStore|iPhone.Build.0 = Release|x86
		{C2AC63D1-B515-4731-87C5-57F656F0FC67}.AppStore|iPhone.Deploy.0 = Release|x86
		{C2AC63D1-B515-4731-87C5-57F656F0FC67}.AppStore|iPhoneSimulator.ActiveCfg = Release|x86
		{C2AC63D1-B515-4731-87C5-57F656F0FC67}.AppStore|iPhoneSimulator.Build.0 = Release|x86
		{C2AC63D1-B515-4731-87C5-57F656F0FC67}.AppStore|iPhoneSimulator.Deploy.0 = Release|x86
		{C2AC63D1-B515-4731-87C5-57F656F0FC67}.AppStore|x64.ActiveCfg = Release|x64
		{C2AC63D1-B515-4731-87C5-57F656F0FC67}.AppStore|x64.Build.0 = Release|x64
		{C2AC63D1-B515-4731-87C5-57F656F0FC67}.AppStore|x64.Deploy.0 = Release|x64
		{C2AC63D1-B515-4731-87C5-57F656F0FC67}.AppStore|x86.ActiveCfg = Release|x86
		{C2AC63D1-B515-4731-87C5-57F656F0FC67}.AppStore|x86.Build.0 = Release|x86
		{C2AC63D1-B515-4731-87C5-57F656F0FC67}.AppStore|x86.Deploy.0 = Release|x86
		{C2AC63D1-B515-4731-87C5-57F656F0FC67}.Debug|Any CPU.ActiveCfg = Debug|x86
		{C2AC63D1-B515-4731-87C5-57F656F0FC67}.Debug|ARM.ActiveCfg = Debug|ARM
		{C2AC63D1-B515-4731-87C5-57F656F0FC67}.Debug|ARM.Build.0 = Debug|ARM
		{C2AC63D1-B515-4731-87C5-57F656F0FC67}.Debug|ARM.Deploy.0 = Debug|ARM
		{C2AC63D1-B515-4731-87C5-57F656F0FC67}.Debug|iPhone.ActiveCfg = Debug|x86
		{C2AC63D1-B515-4731-87C5-57F656F0FC67}.Debug|iPhoneSimulator.ActiveCfg = Debug|x86
		{C2AC63D1-B515-4731-87C5-57F656F0FC67}.Debug|x64.ActiveCfg = Debug|x64
		{C2AC63D1-B515-4731-87C5-57F656F0FC67}.Debug|x64.Build.0 = Debug|x64
		{C2AC63D1-B515-4731-87C5-57F656F0FC67}.Debug|x64.Deploy.0 = Debug|x64
		{C2AC63D1-B515-4731-87C5-57F656F0FC67}.Debug|x86.ActiveCfg = Debug|x86
		{C2AC63D1-B515-4731-87C5-57F656F0FC67}.Debug|x86.Build.0 = Debug|x86
		{C2AC63D1-B515-4731-87C5-57F656F0FC67}.Debug|x86.Deploy.0 = Debug|x86
		{C2AC63D1-B515-4731-87C5-57F656F0FC67}.Release|Any CPU.ActiveCfg = Release|x86
		{C2AC63D1-B515-4731-87C5-57F656F0FC67}.Release|ARM.ActiveCfg = Release|ARM
		{C2AC63D1-B515-4731-87C5-57F656F0FC67}.Release|ARM.Build.0 = Release|ARM
		{C2AC63D1-B515-4731-87C5-57F656F0FC67}.Release|ARM.Deploy.0 = Release|ARM
		{C2AC63D1-B515-4731-87C5-57F656F0FC67}.Release|iPhone.ActiveCfg = Release|x86
		{C2AC63D1-B515-4731-87C5-57F656F0FC67}.Release|iPhoneSimulator.ActiveCfg = Release|x86
		{C2AC63D1-B515-4731-87C5-57F656F0FC67}.Release|x64.ActiveCfg = Release|x64
		{C2AC63D1-B515-4731-87C5-57F656F0FC67}.Release|x64.Build.0 = Release|x64
		{C2AC63D1-B515-4731-87C5-57F656F0FC67}.Release|x64.Deploy.0 = Release|x64
		{C2AC63D1-B515-4731-87C5-57F656F0FC67}.Release|x86.ActiveCfg = Release|x86
		{C2AC63D1-B515-4731-87C5-57F656F0FC67}.Release|x86.Build.0 = Release|x86
		{C2AC63D1-B515-4731-87C5-57F656F0FC67}.Release|x86.Deploy.0 = Release|x86
		{300EC34B-F993-4DE5-8F9F-94810487C8AB}.Ad-Hoc|Any CPU.ActiveCfg = Release|Any CPU
		{300EC34B-F993-4DE5-8F9F-94810487C8AB}.Ad-Hoc|Any CPU.Build.0 = Release|Any CPU
		{300EC34B-F993-4DE5-8F9F-94810487C8AB}.Ad-Hoc|Any CPU.Deploy.0 = Release|Any CPU
		{300EC34B-F993-4DE5-8F9F-94810487C8AB}.Ad-Hoc|ARM.ActiveCfg = Release|ARM
		{300EC34B-F993-4DE5-8F9F-94810487C8AB}.Ad-Hoc|ARM.Build.0 = Release|ARM
		{300EC34B-F993-4DE5-8F9F-94810487C8AB}.Ad-Hoc|ARM.Deploy.0 = Release|ARM
		{300EC34B-F993-4DE5-8F9F-94810487C8AB}.Ad-Hoc|iPhone.ActiveCfg = Release|Any CPU
		{300EC34B-F993-4DE5-8F9F-94810487C8AB}.Ad-Hoc|iPhone.Build.0 = Release|Any CPU
		{300EC34B-F993-4DE5-8F9F-94810487C8AB}.Ad-Hoc|iPhone.Deploy.0 = Release|Any CPU
		{300EC34B-F993-4DE5-8F9F-94810487C8AB}.Ad-Hoc|iPhoneSimulator.ActiveCfg = Release|Any CPU
		{300EC34B-F993-4DE5-8F9F-94810487C8AB}.Ad-Hoc|iPhoneSimulator.Build.0 = Release|Any CPU
		{300EC34B-F993-4DE5-8F9F-94810487C8AB}.Ad-Hoc|iPhoneSimulator.Deploy.0 = Release|Any CPU
		{300EC34B-F993-4DE5-8F9F-94810487C8AB}.Ad-Hoc|x64.ActiveCfg = Release|x64
		{300EC34B-F993-4DE5-8F9F-94810487C8AB}.Ad-Hoc|x64.Build.0 = Release|x64
		{300EC34B-F993-4DE5-8F9F-94810487C8AB}.Ad-Hoc|x64.Deploy.0 = Release|x64
		{300EC34B-F993-4DE5-8F9F-94810487C8AB}.Ad-Hoc|x86.ActiveCfg = Release|x86
		{300EC34B-F993-4DE5-8F9F-94810487C8AB}.Ad-Hoc|x86.Build.0 = Release|x86
		{300EC34B-F993-4DE5-8F9F-94810487C8AB}.Ad-Hoc|x86.Deploy.0 = Release|x86
		{300EC34B-F993-4DE5-8F9F-94810487C8AB}.AppStore|Any CPU.ActiveCfg = Release|Any CPU
		{300EC34B-F993-4DE5-8F9F-94810487C8AB}.AppStore|Any CPU.Build.0 = Release|Any CPU
		{300EC34B-F993-4DE5-8F9F-94810487C8AB}.AppStore|Any CPU.Deploy.0 = Release|Any CPU
		{300EC34B-F993-4DE5-8F9F-94810487C8AB}.AppStore|ARM.ActiveCfg = Release|ARM
		{300EC34B-F993-4DE5-8F9F-94810487C8AB}.AppStore|ARM.Build.0 = Release|ARM
		{300EC34B-F993-4DE5-8F9F-94810487C8AB}.AppStore|ARM.Deploy.0 = Release|ARM
		{300EC34B-F993-4DE5-8F9F-94810487C8AB}.AppStore|iPhone.ActiveCfg = Release|Any CPU
		{300EC34B-F993-4DE5-8F9F-94810487C8AB}.AppStore|iPhone.Build.0 = Release|Any CPU
		{300EC34B-F993-4DE5-8F9F-94810487C8AB}.AppStore|iPhone.Deploy.0 = Release|Any CPU
		{300EC34B-F993-4DE5-8F9F-94810487C8AB}.AppStore|iPhoneSimulator.ActiveCfg = Release|Any CPU
		{300EC34B-F993-4DE5-8F9F-94810487C8AB}.AppStore|iPhoneSimulator.Build.0 = Release|Any CPU
		{300EC34B-F993-4DE5-8F9F-94810487C8AB}.AppStore|iPhoneSimulator.Deploy.0 = Release|Any CPU
		{300EC34B-F993-4DE5-8F9F-94810487C8AB}.AppStore|x64.ActiveCfg = Release|x64
		{300EC34B-F993-4DE5-8F9F-94810487C8AB}.AppStore|x64.Build.0 = Release|x64
		{300EC34B-F993-4DE5-8F9F-94810487C8AB}.AppStore|x64.Deploy.0 = Release|x64
		{300EC34B-F993-4DE5-8F9F-94810487C8AB}.AppStore|x86.ActiveCfg = Release|x86
		{300EC34B-F993-4DE5-8F9F-94810487C8AB}.AppStore|x86.Build.0 = Release|x86
		{300EC34B-F993-4DE5-8F9F-94810487C8AB}.AppStore|x86.Deploy.0 = Release|x86
		{300EC34B-F993-4DE5-8F9F-94810487C8AB}.Debug|Any CPU.ActiveCfg = Debug|Any CPU
		{300EC34B-F993-4DE5-8F9F-94810487C8AB}.Debug|Any CPU.Build.0 = Debug|Any CPU
		{300EC34B-F993-4DE5-8F9F-94810487C8AB}.Debug|Any CPU.Deploy.0 = Debug|Any CPU
		{300EC34B-F993-4DE5-8F9F-94810487C8AB}.Debug|ARM.ActiveCfg = Debug|ARM
		{300EC34B-F993-4DE5-8F9F-94810487C8AB}.Debug|ARM.Build.0 = Debug|ARM
		{300EC34B-F993-4DE5-8F9F-94810487C8AB}.Debug|ARM.Deploy.0 = Debug|ARM
		{300EC34B-F993-4DE5-8F9F-94810487C8AB}.Debug|iPhone.ActiveCfg = Debug|Any CPU
		{300EC34B-F993-4DE5-8F9F-94810487C8AB}.Debug|iPhone.Build.0 = Debug|Any CPU
		{300EC34B-F993-4DE5-8F9F-94810487C8AB}.Debug|iPhone.Deploy.0 = Debug|Any CPU
		{300EC34B-F993-4DE5-8F9F-94810487C8AB}.Debug|iPhoneSimulator.ActiveCfg = Debug|Any CPU
		{300EC34B-F993-4DE5-8F9F-94810487C8AB}.Debug|iPhoneSimulator.Build.0 = Debug|Any CPU
		{300EC34B-F993-4DE5-8F9F-94810487C8AB}.Debug|iPhoneSimulator.Deploy.0 = Debug|Any CPU
		{300EC34B-F993-4DE5-8F9F-94810487C8AB}.Debug|x64.ActiveCfg = Debug|x64
		{300EC34B-F993-4DE5-8F9F-94810487C8AB}.Debug|x64.Build.0 = Debug|x64
		{300EC34B-F993-4DE5-8F9F-94810487C8AB}.Debug|x64.Deploy.0 = Debug|x64
		{300EC34B-F993-4DE5-8F9F-94810487C8AB}.Debug|x86.ActiveCfg = Debug|x86
		{300EC34B-F993-4DE5-8F9F-94810487C8AB}.Debug|x86.Build.0 = Debug|x86
		{300EC34B-F993-4DE5-8F9F-94810487C8AB}.Debug|x86.Deploy.0 = Debug|x86
		{300EC34B-F993-4DE5-8F9F-94810487C8AB}.Release|Any CPU.ActiveCfg = Release|Any CPU
		{300EC34B-F993-4DE5-8F9F-94810487C8AB}.Release|Any CPU.Build.0 = Release|Any CPU
		{300EC34B-F993-4DE5-8F9F-94810487C8AB}.Release|Any CPU.Deploy.0 = Release|Any CPU
		{300EC34B-F993-4DE5-8F9F-94810487C8AB}.Release|ARM.ActiveCfg = Release|ARM
		{300EC34B-F993-4DE5-8F9F-94810487C8AB}.Release|ARM.Build.0 = Release|ARM
		{300EC34B-F993-4DE5-8F9F-94810487C8AB}.Release|ARM.Deploy.0 = Release|ARM
		{300EC34B-F993-4DE5-8F9F-94810487C8AB}.Release|iPhone.ActiveCfg = Release|Any CPU
		{300EC34B-F993-4DE5-8F9F-94810487C8AB}.Release|iPhone.Build.0 = Release|Any CPU
		{300EC34B-F993-4DE5-8F9F-94810487C8AB}.Release|iPhone.Deploy.0 = Release|Any CPU
		{300EC34B-F993-4DE5-8F9F-94810487C8AB}.Release|iPhoneSimulator.ActiveCfg = Release|Any CPU
		{300EC34B-F993-4DE5-8F9F-94810487C8AB}.Release|iPhoneSimulator.Build.0 = Release|Any CPU
		{300EC34B-F993-4DE5-8F9F-94810487C8AB}.Release|iPhoneSimulator.Deploy.0 = Release|Any CPU
		{300EC34B-F993-4DE5-8F9F-94810487C8AB}.Release|x64.ActiveCfg = Release|x64
		{300EC34B-F993-4DE5-8F9F-94810487C8AB}.Release|x64.Build.0 = Release|x64
		{300EC34B-F993-4DE5-8F9F-94810487C8AB}.Release|x64.Deploy.0 = Release|x64
		{300EC34B-F993-4DE5-8F9F-94810487C8AB}.Release|x86.ActiveCfg = Release|x86
		{300EC34B-F993-4DE5-8F9F-94810487C8AB}.Release|x86.Build.0 = Release|x86
		{300EC34B-F993-4DE5-8F9F-94810487C8AB}.Release|x86.Deploy.0 = Release|x86
		{3DCB8E10-A4C1-47AE-8C2A-CB0F8623CA52}.Ad-Hoc|Any CPU.ActiveCfg = Release|Any CPU
		{3DCB8E10-A4C1-47AE-8C2A-CB0F8623CA52}.Ad-Hoc|Any CPU.Build.0 = Release|Any CPU
		{3DCB8E10-A4C1-47AE-8C2A-CB0F8623CA52}.Ad-Hoc|ARM.ActiveCfg = Release|Any CPU
		{3DCB8E10-A4C1-47AE-8C2A-CB0F8623CA52}.Ad-Hoc|ARM.Build.0 = Release|Any CPU
		{3DCB8E10-A4C1-47AE-8C2A-CB0F8623CA52}.Ad-Hoc|iPhone.ActiveCfg = Release|Any CPU
		{3DCB8E10-A4C1-47AE-8C2A-CB0F8623CA52}.Ad-Hoc|iPhone.Build.0 = Release|Any CPU
		{3DCB8E10-A4C1-47AE-8C2A-CB0F8623CA52}.Ad-Hoc|iPhoneSimulator.ActiveCfg = Release|Any CPU
		{3DCB8E10-A4C1-47AE-8C2A-CB0F8623CA52}.Ad-Hoc|iPhoneSimulator.Build.0 = Release|Any CPU
		{3DCB8E10-A4C1-47AE-8C2A-CB0F8623CA52}.Ad-Hoc|x64.ActiveCfg = Release|Any CPU
		{3DCB8E10-A4C1-47AE-8C2A-CB0F8623CA52}.Ad-Hoc|x64.Build.0 = Release|Any CPU
		{3DCB8E10-A4C1-47AE-8C2A-CB0F8623CA52}.Ad-Hoc|x86.ActiveCfg = Release|Any CPU
		{3DCB8E10-A4C1-47AE-8C2A-CB0F8623CA52}.Ad-Hoc|x86.Build.0 = Release|Any CPU
		{3DCB8E10-A4C1-47AE-8C2A-CB0F8623CA52}.AppStore|Any CPU.ActiveCfg = Release|Any CPU
		{3DCB8E10-A4C1-47AE-8C2A-CB0F8623CA52}.AppStore|Any CPU.Build.0 = Release|Any CPU
		{3DCB8E10-A4C1-47AE-8C2A-CB0F8623CA52}.AppStore|ARM.ActiveCfg = Release|Any CPU
		{3DCB8E10-A4C1-47AE-8C2A-CB0F8623CA52}.AppStore|ARM.Build.0 = Release|Any CPU
		{3DCB8E10-A4C1-47AE-8C2A-CB0F8623CA52}.AppStore|iPhone.ActiveCfg = Release|Any CPU
		{3DCB8E10-A4C1-47AE-8C2A-CB0F8623CA52}.AppStore|iPhone.Build.0 = Release|Any CPU
		{3DCB8E10-A4C1-47AE-8C2A-CB0F8623CA52}.AppStore|iPhoneSimulator.ActiveCfg = Release|Any CPU
		{3DCB8E10-A4C1-47AE-8C2A-CB0F8623CA52}.AppStore|iPhoneSimulator.Build.0 = Release|Any CPU
		{3DCB8E10-A4C1-47AE-8C2A-CB0F8623CA52}.AppStore|x64.ActiveCfg = Release|Any CPU
		{3DCB8E10-A4C1-47AE-8C2A-CB0F8623CA52}.AppStore|x64.Build.0 = Release|Any CPU
		{3DCB8E10-A4C1-47AE-8C2A-CB0F8623CA52}.AppStore|x86.ActiveCfg = Release|Any CPU
		{3DCB8E10-A4C1-47AE-8C2A-CB0F8623CA52}.AppStore|x86.Build.0 = Release|Any CPU
		{3DCB8E10-A4C1-47AE-8C2A-CB0F8623CA52}.Debug|Any CPU.ActiveCfg = Debug|Any CPU
		{3DCB8E10-A4C1-47AE-8C2A-CB0F8623CA52}.Debug|Any CPU.Build.0 = Debug|Any CPU
		{3DCB8E10-A4C1-47AE-8C2A-CB0F8623CA52}.Debug|ARM.ActiveCfg = Debug|Any CPU
		{3DCB8E10-A4C1-47AE-8C2A-CB0F8623CA52}.Debug|ARM.Build.0 = Debug|Any CPU
		{3DCB8E10-A4C1-47AE-8C2A-CB0F8623CA52}.Debug|iPhone.ActiveCfg = Debug|Any CPU
		{3DCB8E10-A4C1-47AE-8C2A-CB0F8623CA52}.Debug|iPhone.Build.0 = Debug|Any CPU
		{3DCB8E10-A4C1-47AE-8C2A-CB0F8623CA52}.Debug|iPhoneSimulator.ActiveCfg = Debug|Any CPU
		{3DCB8E10-A4C1-47AE-8C2A-CB0F8623CA52}.Debug|iPhoneSimulator.Build.0 = Debug|Any CPU
		{3DCB8E10-A4C1-47AE-8C2A-CB0F8623CA52}.Debug|x64.ActiveCfg = Debug|Any CPU
		{3DCB8E10-A4C1-47AE-8C2A-CB0F8623CA52}.Debug|x64.Build.0 = Debug|Any CPU
		{3DCB8E10-A4C1-47AE-8C2A-CB0F8623CA52}.Debug|x86.ActiveCfg = Debug|Any CPU
		{3DCB8E10-A4C1-47AE-8C2A-CB0F8623CA52}.Debug|x86.Build.0 = Debug|Any CPU
		{3DCB8E10-A4C1-47AE-8C2A-CB0F8623CA52}.Release|Any CPU.ActiveCfg = Release|Any CPU
		{3DCB8E10-A4C1-47AE-8C2A-CB0F8623CA52}.Release|Any CPU.Build.0 = Release|Any CPU
		{3DCB8E10-A4C1-47AE-8C2A-CB0F8623CA52}.Release|ARM.ActiveCfg = Release|Any CPU
		{3DCB8E10-A4C1-47AE-8C2A-CB0F8623CA52}.Release|ARM.Build.0 = Release|Any CPU
		{3DCB8E10-A4C1-47AE-8C2A-CB0F8623CA52}.Release|iPhone.ActiveCfg = Release|Any CPU
		{3DCB8E10-A4C1-47AE-8C2A-CB0F8623CA52}.Release|iPhone.Build.0 = Release|Any CPU
		{3DCB8E10-A4C1-47AE-8C2A-CB0F8623CA52}.Release|iPhoneSimulator.ActiveCfg = Release|Any CPU
		{3DCB8E10-A4C1-47AE-8C2A-CB0F8623CA52}.Release|iPhoneSimulator.Build.0 = Release|Any CPU
		{3DCB8E10-A4C1-47AE-8C2A-CB0F8623CA52}.Release|x64.ActiveCfg = Release|Any CPU
		{3DCB8E10-A4C1-47AE-8C2A-CB0F8623CA52}.Release|x64.Build.0 = Release|Any CPU
		{3DCB8E10-A4C1-47AE-8C2A-CB0F8623CA52}.Release|x86.ActiveCfg = Release|Any CPU
		{3DCB8E10-A4C1-47AE-8C2A-CB0F8623CA52}.Release|x86.Build.0 = Release|Any CPU
	EndGlobalSection
	GlobalSection(SolutionProperties) = preSolution
		HideSolutionNode = FALSE
	EndGlobalSection
EndGlobal
